
Microsoft Visual Studio Solution File, Format Version 12.00
# Visual Studio Version 17
VisualStudioVersion = 17.13.35818.85 d17.13
MinimumVisualStudioVersion = 10.0.40219.1
Project("{FAE04EC0-301F-11D3-BF4B-00C04F79EFBC}") = "LikeLion6", "LikeLion6\LikeLion6.csproj", "{E92291D8-71C3-46D9-8054-03A4DAB4E0AA}"
EndProject
Global
	GlobalSection(SolutionConfigurationPlatforms) = preSolution
		Debug|Any CPU = Debug|Any CPU
		Release|Any CPU = Release|Any CPU
	EndGlobalSection
	GlobalSection(ProjectConfigurationPlatforms) = postSolution
		{E92291D8-71C3-46D9-8054-03A4DAB4E0AA}.Debug|Any CPU.ActiveCfg = Debug|Any CPU
		{E92291D8-71C3-46D9-8054-03A4DAB4E0AA}.Debug|Any CPU.Build.0 = Debug|Any CPU
		{E92291D8-71C3-46D9-8054-03A4DAB4E0AA}.Release|Any CPU.ActiveCfg = Release|Any CPU
		{E92291D8-71C3-46D9-8054-03A4DAB4E0AA}.Release|Any CPU.Build.0 = Release|Any CPU
	EndGlobalSection
	GlobalSection(SolutionProperties) = preSolution
		HideSolutionNode = FALSE
	EndGlobalSection
	GlobalSection(ExtensibilityGlobals) = postSolution
		SolutionGuid = {2B74E9C1-B4E5-4D34-A813-29676B6D4BD7}
	EndGlobalSection
EndGlobal
