
Microsoft Visual Studio Solution File, Format Version 12.00
# Visual Studio Version 17
VisualStudioVersion = 17.13.35818.85 d17.13
MinimumVisualStudioVersion = 10.0.40219.1
Project("{FAE04EC0-301F-11D3-BF4B-00C04F79EFBC}") = "03_05_LikeLion", "03_05_LikeLion\03_05_LikeLion.csproj", "{2CA3FAE3-9C90-4DD5-B175-EFAED2006D3A}"
EndProject
Project("{FAE04EC0-301F-11D3-BF4B-00C04F79EFBC}") = "03_05_LikeLion2", "03_05_LikeLion2\03_05_LikeLion2.csproj", "{6FEA9F3B-A9A2-450F-A17D-0DD06883EA1F}"
EndProject
Global
	GlobalSection(SolutionConfigurationPlatforms) = preSolution
		Debug|Any CPU = Debug|Any CPU
		Release|Any CPU = Release|Any CPU
	EndGlobalSection
	GlobalSection(ProjectConfigurationPlatforms) = postSolution
		{2CA3FAE3-9C90-4DD5-B175-EFAED2006D3A}.Debug|Any CPU.ActiveCfg = Debug|Any CPU
		{2CA3FAE3-9C90-4DD5-B175-EFAED2006D3A}.Debug|Any CPU.Build.0 = Debug|Any CPU
		{2CA3FAE3-9C90-4DD5-B175-EFAED2006D3A}.Release|Any CPU.ActiveCfg = Release|Any CPU
		{2CA3FAE3-9C90-4DD5-B175-EFAED2006D3A}.Release|Any CPU.Build.0 = Release|Any CPU
		{6FEA9F3B-A9A2-450F-A17D-0DD06883EA1F}.Debug|Any CPU.ActiveCfg = Debug|Any CPU
		{6FEA9F3B-A9A2-450F-A17D-0DD06883EA1F}.Debug|Any CPU.Build.0 = Debug|Any CPU
		{6FEA9F3B-A9A2-450F-A17D-0DD06883EA1F}.Release|Any CPU.ActiveCfg = Release|Any CPU
		{6FEA9F3B-A9A2-450F-A17D-0DD06883EA1F}.Release|Any CPU.Build.0 = Release|Any CPU
	EndGlobalSection
	GlobalSection(SolutionProperties) = preSolution
		HideSolutionNode = FALSE
	EndGlobalSection
	GlobalSection(ExtensibilityGlobals) = postSolution
		SolutionGuid = {F416327D-E61A-4F3F-9B73-F219046BBDF0}
	EndGlobalSection
EndGlobal
