
Microsoft Visual Studio Solution File, Format Version 12.00
# Visual Studio Version 17
VisualStudioVersion = 17.13.35818.85 d17.13
MinimumVisualStudioVersion = 10.0.40219.1
Project("{FAE04EC0-301F-11D3-BF4B-00C04F79EFBC}") = "task0304", "task0304\task0304.csproj", "{02623A19-07F8-452F-8A3D-6E727D6ABC71}"
EndProject
Project("{FAE04EC0-301F-11D3-BF4B-00C04F79EFBC}") = "task03042", "task03042\task03042.csproj", "{63DCE58C-9C33-446A-BF87-CA799A222F6F}"
EndProject
Project("{FAE04EC0-301F-11D3-BF4B-00C04F79EFBC}") = "task03043", "task03043\task03043.csproj", "{53740CC6-4465-456F-9205-F07332E447C3}"
EndProject
Project("{FAE04EC0-301F-11D3-BF4B-00C04F79EFBC}") = "task03044", "task03044\task03044.csproj", "{440995E7-628F-4528-9F71-8681962A48FA}"
EndProject
Project("{FAE04EC0-301F-11D3-BF4B-00C04F79EFBC}") = "task03045", "task03045\task03045.csproj", "{6DE15522-C88B-4C6A-889A-E28B606B5F09}"
EndProject
Global
	GlobalSection(SolutionConfigurationPlatforms) = preSolution
		Debug|Any CPU = Debug|Any CPU
		Release|Any CPU = Release|Any CPU
	EndGlobalSection
	GlobalSection(ProjectConfigurationPlatforms) = postSolution
		{02623A19-07F8-452F-8A3D-6E727D6ABC71}.Debug|Any CPU.ActiveCfg = Debug|Any CPU
		{02623A19-07F8-452F-8A3D-6E727D6ABC71}.Debug|Any CPU.Build.0 = Debug|Any CPU
		{02623A19-07F8-452F-8A3D-6E727D6ABC71}.Release|Any CPU.ActiveCfg = Release|Any CPU
		{02623A19-07F8-452F-8A3D-6E727D6ABC71}.Release|Any CPU.Build.0 = Release|Any CPU
		{63DCE58C-9C33-446A-BF87-CA799A222F6F}.Debug|Any CPU.ActiveCfg = Debug|Any CPU
		{63DCE58C-9C33-446A-BF87-CA799A222F6F}.Debug|Any CPU.Build.0 = Debug|Any CPU
		{63DCE58C-9C33-446A-BF87-CA799A222F6F}.Release|Any CPU.ActiveCfg = Release|Any CPU
		{63DCE58C-9C33-446A-BF87-CA799A222F6F}.Release|Any CPU.Build.0 = Release|Any CPU
		{53740CC6-4465-456F-9205-F07332E447C3}.Debug|Any CPU.ActiveCfg = Debug|Any CPU
		{53740CC6-4465-456F-9205-F07332E447C3}.Debug|Any CPU.Build.0 = Debug|Any CPU
		{53740CC6-4465-456F-9205-F07332E447C3}.Release|Any CPU.ActiveCfg = Release|Any CPU
		{53740CC6-4465-456F-9205-F07332E447C3}.Release|Any CPU.Build.0 = Release|Any CPU
		{440995E7-628F-4528-9F71-8681962A48FA}.Debug|Any CPU.ActiveCfg = Debug|Any CPU
		{440995E7-628F-4528-9F71-8681962A48FA}.Debug|Any CPU.Build.0 = Debug|Any CPU
		{440995E7-628F-4528-9F71-8681962A48FA}.Release|Any CPU.ActiveCfg = Release|Any CPU
		{440995E7-628F-4528-9F71-8681962A48FA}.Release|Any CPU.Build.0 = Release|Any CPU
		{6DE15522-C88B-4C6A-889A-E28B606B5F09}.Debug|Any CPU.ActiveCfg = Debug|Any CPU
		{6DE15522-C88B-4C6A-889A-E28B606B5F09}.Debug|Any CPU.Build.0 = Debug|Any CPU
		{6DE15522-C88B-4C6A-889A-E28B606B5F09}.Release|Any CPU.ActiveCfg = Release|Any CPU
		{6DE15522-C88B-4C6A-889A-E28B606B5F09}.Release|Any CPU.Build.0 = Release|Any CPU
	EndGlobalSection
	GlobalSection(SolutionProperties) = preSolution
		HideSolutionNode = FALSE
	EndGlobalSection
	GlobalSection(ExtensibilityGlobals) = postSolution
		SolutionGuid = {0F3D02EB-1240-4EB6-B41A-9AE079B01C76}
	EndGlobalSection
EndGlobal
