
Microsoft Visual Studio Solution File, Format Version 12.00
# Visual Studio Version 17
VisualStudioVersion = 17.13.35818.85 d17.13
MinimumVisualStudioVersion = 10.0.40219.1
Project("{FAE04EC0-301F-11D3-BF4B-00C04F79EFBC}") = "02-27-LikeLion2", "02-27-LikeLion2\02-27-LikeLion2.csproj", "{3E64BD5E-EF77-41EC-902B-7EA236420D8C}"
EndProject
Global
	GlobalSection(SolutionConfigurationPlatforms) = preSolution
		Debug|Any CPU = Debug|Any CPU
		Release|Any CPU = Release|Any CPU
	EndGlobalSection
	GlobalSection(ProjectConfigurationPlatforms) = postSolution
		{3E64BD5E-EF77-41EC-902B-7EA236420D8C}.Debug|Any CPU.ActiveCfg = Debug|Any CPU
		{3E64BD5E-EF77-41EC-902B-7EA236420D8C}.Debug|Any CPU.Build.0 = Debug|Any CPU
		{3E64BD5E-EF77-41EC-902B-7EA236420D8C}.Release|Any CPU.ActiveCfg = Release|Any CPU
		{3E64BD5E-EF77-41EC-902B-7EA236420D8C}.Release|Any CPU.Build.0 = Release|Any CPU
	EndGlobalSection
	GlobalSection(SolutionProperties) = preSolution
		HideSolutionNode = FALSE
	EndGlobalSection
	GlobalSection(ExtensibilityGlobals) = postSolution
		SolutionGuid = {A79CC27B-F3DE-4D08-9C63-2C3C50911D73}
	EndGlobalSection
EndGlobal
