
Microsoft Visual Studio Solution File, Format Version 12.00
# Visual Studio Version 17
VisualStudioVersion = 17.13.35818.85 d17.13
MinimumVisualStudioVersion = 10.0.40219.1
Project("{FAE04EC0-301F-11D3-BF4B-00C04F79EFBC}") = "02-27-LikeLion1", "02-27-LikeLion1\02-27-LikeLion1.csproj", "{EFA040C4-FF0A-4894-9B97-36913543D435}"
EndProject
Global
	GlobalSection(SolutionConfigurationPlatforms) = preSolution
		Debug|Any CPU = Debug|Any CPU
		Release|Any CPU = Release|Any CPU
	EndGlobalSection
	GlobalSection(ProjectConfigurationPlatforms) = postSolution
		{EFA040C4-FF0A-4894-9B97-36913543D435}.Debug|Any CPU.ActiveCfg = Debug|Any CPU
		{EFA040C4-FF0A-4894-9B97-36913543D435}.Debug|Any CPU.Build.0 = Debug|Any CPU
		{EFA040C4-FF0A-4894-9B97-36913543D435}.Release|Any CPU.ActiveCfg = Release|Any CPU
		{EFA040C4-FF0A-4894-9B97-36913543D435}.Release|Any CPU.Build.0 = Release|Any CPU
	EndGlobalSection
	GlobalSection(SolutionProperties) = preSolution
		HideSolutionNode = FALSE
	EndGlobalSection
	GlobalSection(ExtensibilityGlobals) = postSolution
		SolutionGuid = {C1EA1D24-552E-4D25-8202-53E58A7D49F1}
	EndGlobalSection
EndGlobal
