
Microsoft Visual Studio Solution File, Format Version 12.00
# Visual Studio Version 17
VisualStudioVersion = 17.13.35818.85 d17.13
MinimumVisualStudioVersion = 10.0.40219.1
Project("{FAE04EC0-301F-11D3-BF4B-00C04F79EFBC}") = "TryFast", "TryFast\TryFast.csproj", "{7CFB4ED4-B94B-4835-AE8B-4E386B041C85}"
EndProject
Global
	GlobalSection(SolutionConfigurationPlatforms) = preSolution
		Debug|Any CPU = Debug|Any CPU
		Release|Any CPU = Release|Any CPU
	EndGlobalSection
	GlobalSection(ProjectConfigurationPlatforms) = postSolution
		{7CFB4ED4-B94B-4835-AE8B-4E386B041C85}.Debug|Any CPU.ActiveCfg = Debug|Any CPU
		{7CFB4ED4-B94B-4835-AE8B-4E386B041C85}.Debug|Any CPU.Build.0 = Debug|Any CPU
		{7CFB4ED4-B94B-4835-AE8B-4E386B041C85}.Release|Any CPU.ActiveCfg = Release|Any CPU
		{7CFB4ED4-B94B-4835-AE8B-4E386B041C85}.Release|Any CPU.Build.0 = Release|Any CPU
	EndGlobalSection
	GlobalSection(SolutionProperties) = preSolution
		HideSolutionNode = FALSE
	EndGlobalSection
	GlobalSection(ExtensibilityGlobals) = postSolution
		SolutionGuid = {67C237EC-885C-4DC9-BF3D-21D88DC9005F}
	EndGlobalSection
EndGlobal
