
Microsoft Visual Studio Solution File, Format Version 12.00
# Visual Studio Version 17
VisualStudioVersion = 17.13.35818.85 d17.13
MinimumVisualStudioVersion = 10.0.40219.1
Project("{FAE04EC0-301F-11D3-BF4B-00C04F79EFBC}") = "02_28_LikeLion", "02_28_LikeLion\02_28_LikeLion.csproj", "{C7022598-258C-44B9-8882-47A96AE3EBDD}"
EndProject
Global
	GlobalSection(SolutionConfigurationPlatforms) = preSolution
		Debug|Any CPU = Debug|Any CPU
		Release|Any CPU = Release|Any CPU
	EndGlobalSection
	GlobalSection(ProjectConfigurationPlatforms) = postSolution
		{C7022598-258C-44B9-8882-47A96AE3EBDD}.Debug|Any CPU.ActiveCfg = Debug|Any CPU
		{C7022598-258C-44B9-8882-47A96AE3EBDD}.Debug|Any CPU.Build.0 = Debug|Any CPU
		{C7022598-258C-44B9-8882-47A96AE3EBDD}.Release|Any CPU.ActiveCfg = Release|Any CPU
		{C7022598-258C-44B9-8882-47A96AE3EBDD}.Release|Any CPU.Build.0 = Release|Any CPU
	EndGlobalSection
	GlobalSection(SolutionProperties) = preSolution
		HideSolutionNode = FALSE
	EndGlobalSection
	GlobalSection(ExtensibilityGlobals) = postSolution
		SolutionGuid = {9F771484-79DA-4741-97C4-0C040E1D07E5}
	EndGlobalSection
EndGlobal
