
Microsoft Visual Studio Solution File, Format Version 12.00
# Visual Studio Version 17
VisualStudioVersion = 17.13.35818.85 d17.13
MinimumVisualStudioVersion = 10.0.40219.1
Project("{FAE04EC0-301F-11D3-BF4B-00C04F79EFBC}") = "03_07_LikeLion", "03_07_LikeLion\03_07_LikeLion.csproj", "{485681B0-D4B1-45E1-9657-D09C973C9A21}"
EndProject
Project("{FAE04EC0-301F-11D3-BF4B-00C04F79EFBC}") = "03_07_LikeLion2", "03_07_LikeLion2\03_07_LikeLion2.csproj", "{4D07D114-B1E6-4858-B93A-C3690EE6AE7A}"
EndProject
Global
	GlobalSection(SolutionConfigurationPlatforms) = preSolution
		Debug|Any CPU = Debug|Any CPU
		Release|Any CPU = Release|Any CPU
	EndGlobalSection
	GlobalSection(ProjectConfigurationPlatforms) = postSolution
		{485681B0-D4B1-45E1-9657-D09C973C9A21}.Debug|Any CPU.ActiveCfg = Debug|Any CPU
		{485681B0-D4B1-45E1-9657-D09C973C9A21}.Debug|Any CPU.Build.0 = Debug|Any CPU
		{485681B0-D4B1-45E1-9657-D09C973C9A21}.Release|Any CPU.ActiveCfg = Release|Any CPU
		{485681B0-D4B1-45E1-9657-D09C973C9A21}.Release|Any CPU.Build.0 = Release|Any CPU
		{4D07D114-B1E6-4858-B93A-C3690EE6AE7A}.Debug|Any CPU.ActiveCfg = Debug|Any CPU
		{4D07D114-B1E6-4858-B93A-C3690EE6AE7A}.Debug|Any CPU.Build.0 = Debug|Any CPU
		{4D07D114-B1E6-4858-B93A-C3690EE6AE7A}.Release|Any CPU.ActiveCfg = Release|Any CPU
		{4D07D114-B1E6-4858-B93A-C3690EE6AE7A}.Release|Any CPU.Build.0 = Release|Any CPU
	EndGlobalSection
	GlobalSection(SolutionProperties) = preSolution
		HideSolutionNode = FALSE
	EndGlobalSection
	GlobalSection(ExtensibilityGlobals) = postSolution
		SolutionGuid = {97F11FF2-4DE2-4710-9042-C6D80077B621}
	EndGlobalSection
EndGlobal
